// !$*UTF8*$!
{
	archiveVersion = 1;
	classes = {
	};
	objectVersion = 46;
	objects = {

/* Begin PBXBuildFile section */
		C33F00841B670B85005A260E /* ObjectTests.cpp in Sources */ = {isa = PBXBuildFile; fileRef = C33F00831B670B85005A260E /* ObjectTests.cpp */; };
		C393DCAA1A8721BE00DAC0A2 /* main.cpp in Sources */ = {isa = PBXBuildFile; fileRef = C393DCA91A8721BE00DAC0A2 /* main.cpp */; };
		C393DCBA1A87224200DAC0A2 /* MathTests.cpp in Sources */ = {isa = PBXBuildFile; fileRef = C393DCB91A87224200DAC0A2 /* MathTests.cpp */; };
		C393DCBC1A87225600DAC0A2 /* libQi Game Engine.a in Frameworks */ = {isa = PBXBuildFile; fileRef = C393DCBB1A87225600DAC0A2 /* libQi Game Engine.a */; };
		C393DCCE1AA3915800DAC0A2 /* ContainerTests.cpp in Sources */ = {isa = PBXBuildFile; fileRef = C393DCCD1AA3915800DAC0A2 /* ContainerTests.cpp */; };
		C3E2A7B71AB3CE06002F0EB9 /* gtest.framework in Frameworks */ = {isa = PBXBuildFile; fileRef = C3E2A7B61AB3CE06002F0EB9 /* gtest.framework */; };
		C3E2A7B81AB3FFD4002F0EB9 /* gtest.framework in CopyFiles */ = {isa = PBXBuildFile; fileRef = C3E2A7B61AB3CE06002F0EB9 /* gtest.framework */; };
		C3EE8CC71B3E4BD500208DF8 /* ReflectionTests.cpp in Sources */ = {isa = PBXBuildFile; fileRef = C3EE8CC61B3E4BD500208DF8 /* ReflectionTests.cpp */; };
/* End PBXBuildFile section */

/* Begin PBXCopyFilesBuildPhase section */
		C393DCA41A8721BE00DAC0A2 /* CopyFiles */ = {
			isa = PBXCopyFilesBuildPhase;
			buildActionMask = 12;
			dstPath = "";
			dstSubfolderSpec = 16;
			files = (
				C3E2A7B81AB3FFD4002F0EB9 /* gtest.framework in CopyFiles */,
			);
			runOnlyForDeploymentPostprocessing = 0;
		};
/* End PBXCopyFilesBuildPhase section */

/* Begin PBXFileReference section */
		C33F00831B670B85005A260E /* ObjectTests.cpp */ = {isa = PBXFileReference; fileEncoding = 4; lastKnownFileType = sourcecode.cpp.cpp; path = ObjectTests.cpp; sourceTree = "<group>"; };
		C393DCA91A8721BE00DAC0A2 /* main.cpp */ = {isa = PBXFileReference; lastKnownFileType = sourcecode.cpp.cpp; path = main.cpp; sourceTree = "<group>"; };
		C393DCB81A8721F100DAC0A2 /* QiTest */ = {isa = PBXFileReference; explicitFileType = "compiled.mach-o.executable"; includeInIndex = 0; path = QiTest; sourceTree = BUILT_PRODUCTS_DIR; };
		C393DCB91A87224200DAC0A2 /* MathTests.cpp */ = {isa = PBXFileReference; fileEncoding = 4; lastKnownFileType = sourcecode.cpp.cpp; path = MathTests.cpp; sourceTree = "<group>"; };
		C393DCBB1A87225600DAC0A2 /* libQi Game Engine.a */ = {isa = PBXFileReference; lastKnownFileType = archive.ar; name = "libQi Game Engine.a"; path = "../build/Debug/libQi Game Engine.a"; sourceTree = "<group>"; };
		C393DCCD1AA3915800DAC0A2 /* ContainerTests.cpp */ = {isa = PBXFileReference; fileEncoding = 4; lastKnownFileType = sourcecode.cpp.cpp; path = ContainerTests.cpp; sourceTree = "<group>"; };
		C3E2A7B61AB3CE06002F0EB9 /* gtest.framework */ = {isa = PBXFileReference; lastKnownFileType = wrapper.framework; name = gtest.framework; path = ../ThirdPartyLibs/gtest.framework; sourceTree = "<group>"; };
		C3EE8CC61B3E4BD500208DF8 /* ReflectionTests.cpp */ = {isa = PBXFileReference; fileEncoding = 4; lastKnownFileType = sourcecode.cpp.cpp; path = ReflectionTests.cpp; sourceTree = "<group>"; };
/* End PBXFileReference section */

/* Begin PBXFrameworksBuildPhase section */
		C393DCA31A8721BE00DAC0A2 /* Frameworks */ = {
			isa = PBXFrameworksBuildPhase;
			buildActionMask = 2147483647;
			files = (
				C3E2A7B71AB3CE06002F0EB9 /* gtest.framework in Frameworks */,
				C393DCBC1A87225600DAC0A2 /* libQi Game Engine.a in Frameworks */,
			);
			runOnlyForDeploymentPostprocessing = 0;
		};
/* End PBXFrameworksBuildPhase section */

/* Begin PBXGroup section */
		C393DC9D1A8721BE00DAC0A2 = {
			isa = PBXGroup;
			children = (
				C3E2A7B61AB3CE06002F0EB9 /* gtest.framework */,
				C393DCBB1A87225600DAC0A2 /* libQi Game Engine.a */,
				C393DCA81A8721BE00DAC0A2 /* QiTest */,
				C393DCB81A8721F100DAC0A2 /* QiTest */,
			);
			sourceTree = "<group>";
		};
		C393DCA81A8721BE00DAC0A2 /* QiTest */ = {
			isa = PBXGroup;
			children = (
				C33F00831B670B85005A260E /* ObjectTests.cpp */,
				C3EE8CC61B3E4BD500208DF8 /* ReflectionTests.cpp */,
				C393DCA91A8721BE00DAC0A2 /* main.cpp */,
				C393DCB91A87224200DAC0A2 /* MathTests.cpp */,
				C393DCCD1AA3915800DAC0A2 /* ContainerTests.cpp */,
			);
			path = QiTest;
			sourceTree = "<group>";
		};
/* End PBXGroup section */

/* Begin PBXNativeTarget section */
		C393DCA51A8721BE00DAC0A2 /* QiTest */ = {
			isa = PBXNativeTarget;
			buildConfigurationList = C393DCAD1A8721BE00DAC0A2 /* Build configuration list for PBXNativeTarget "QiTest" */;
			buildPhases = (
				C393DCA21A8721BE00DAC0A2 /* Sources */,
				C393DCA31A8721BE00DAC0A2 /* Frameworks */,
				C393DCA41A8721BE00DAC0A2 /* CopyFiles */,
			);
			buildRules = (
			);
			dependencies = (
			);
			name = QiTest;
			productName = QiTest;
			productReference = C393DCB81A8721F100DAC0A2 /* QiTest */;
			productType = "com.apple.product-type.tool";
		};
/* End PBXNativeTarget section */

/* Begin PBXProject section */
		C393DC9E1A8721BE00DAC0A2 /* Project object */ = {
			isa = PBXProject;
			attributes = {
				LastUpgradeCheck = 0610;
				ORGANIZATIONNAME = "Cody White";
				TargetAttributes = {
					C393DCA51A8721BE00DAC0A2 = {
						CreatedOnToolsVersion = 6.1.1;
					};
				};
			};
			buildConfigurationList = C393DCA11A8721BE00DAC0A2 /* Build configuration list for PBXProject "QiTest" */;
			compatibilityVersion = "Xcode 3.2";
			developmentRegion = English;
			hasScannedForEncodings = 0;
			knownRegions = (
				en,
			);
			mainGroup = C393DC9D1A8721BE00DAC0A2;
			productRefGroup = C393DC9D1A8721BE00DAC0A2;
			projectDirPath = "";
			projectRoot = "";
			targets = (
				C393DCA51A8721BE00DAC0A2 /* QiTest */,
			);
		};
/* End PBXProject section */

/* Begin PBXSourcesBuildPhase section */
		C393DCA21A8721BE00DAC0A2 /* Sources */ = {
			isa = PBXSourcesBuildPhase;
			buildActionMask = 2147483647;
			files = (
				C393DCAA1A8721BE00DAC0A2 /* main.cpp in Sources */,
				C393DCBA1A87224200DAC0A2 /* MathTests.cpp in Sources */,
				C3EE8CC71B3E4BD500208DF8 /* ReflectionTests.cpp in Sources */,
				C393DCCE1AA3915800DAC0A2 /* ContainerTests.cpp in Sources */,
				C33F00841B670B85005A260E /* ObjectTests.cpp in Sources */,
			);
			runOnlyForDeploymentPostprocessing = 0;
		};
/* End PBXSourcesBuildPhase section */

/* Begin XCBuildConfiguration section */
		C393DCAB1A8721BE00DAC0A2 /* Debug */ = {
			isa = XCBuildConfiguration;
			buildSettings = {
				ALWAYS_SEARCH_USER_PATHS = NO;
				CLANG_CXX_LANGUAGE_STANDARD = "gnu++0x";
				CLANG_CXX_LIBRARY = "libc++";
				CLANG_ENABLE_MODULES = YES;
				CLANG_ENABLE_OBJC_ARC = YES;
				CLANG_WARN_BOOL_CONVERSION = YES;
				CLANG_WARN_CONSTANT_CONVERSION = YES;
				CLANG_WARN_DIRECT_OBJC_ISA_USAGE = YES_ERROR;
				CLANG_WARN_EMPTY_BODY = YES;
				CLANG_WARN_ENUM_CONVERSION = YES;
				CLANG_WARN_INT_CONVERSION = YES;
				CLANG_WARN_OBJC_ROOT_CLASS = YES_ERROR;
				CLANG_WARN_UNREACHABLE_CODE = YES;
				CLANG_WARN__DUPLICATE_METHOD_MATCH = YES;
				COPY_PHASE_STRIP = NO;
				ENABLE_STRICT_OBJC_MSGSEND = YES;
				GCC_C_LANGUAGE_STANDARD = gnu99;
				GCC_DYNAMIC_NO_PIC = NO;
				GCC_OPTIMIZATION_LEVEL = 0;
				GCC_PREPROCESSOR_DEFINITIONS = (
					"DEBUG=1",
					"$(inherited)",
				);
				GCC_SYMBOLS_PRIVATE_EXTERN = NO;
				GCC_WARN_64_TO_32_BIT_CONVERSION = YES;
				GCC_WARN_ABOUT_RETURN_TYPE = YES_ERROR;
				GCC_WARN_UNDECLARED_SELECTOR = YES;
				GCC_WARN_UNINITIALIZED_AUTOS = YES_AGGRESSIVE;
				GCC_WARN_UNUSED_FUNCTION = YES;
				GCC_WARN_UNUSED_VARIABLE = YES;
				MACOSX_DEPLOYMENT_TARGET = 10.10;
				MTL_ENABLE_DEBUG_INFO = YES;
				ONLY_ACTIVE_ARCH = YES;
				SDKROOT = macosx;
			};
			name = Debug;
		};
		C393DCAC1A8721BE00DAC0A2 /* Release */ = {
			isa = XCBuildConfiguration;
			buildSettings = {
				ALWAYS_SEARCH_USER_PATHS = NO;
				CLANG_CXX_LANGUAGE_STANDARD = "gnu++0x";
				CLANG_CXX_LIBRARY = "libc++";
				CLANG_ENABLE_MODULES = YES;
				CLANG_ENABLE_OBJC_ARC = YES;
				CLANG_WARN_BOOL_CONVERSION = YES;
				CLANG_WARN_CONSTANT_CONVERSION = YES;
				CLANG_WARN_DIRECT_OBJC_ISA_USAGE = YES_ERROR;
				CLANG_WARN_EMPTY_BODY = YES;
				CLANG_WARN_ENUM_CONVERSION = YES;
				CLANG_WARN_INT_CONVERSION = YES;
				CLANG_WARN_OBJC_ROOT_CLASS = YES_ERROR;
				CLANG_WARN_UNREACHABLE_CODE = YES;
				CLANG_WARN__DUPLICATE_METHOD_MATCH = YES;
				COPY_PHASE_STRIP = YES;
				DEBUG_INFORMATION_FORMAT = "dwarf-with-dsym";
				ENABLE_NS_ASSERTIONS = NO;
				ENABLE_STRICT_OBJC_MSGSEND = YES;
				GCC_C_LANGUAGE_STANDARD = gnu99;
				GCC_WARN_64_TO_32_BIT_CONVERSION = YES;
				GCC_WARN_ABOUT_RETURN_TYPE = YES_ERROR;
				GCC_WARN_UNDECLARED_SELECTOR = YES;
				GCC_WARN_UNINITIALIZED_AUTOS = YES_AGGRESSIVE;
				GCC_WARN_UNUSED_FUNCTION = YES;
				GCC_WARN_UNUSED_VARIABLE = YES;
				MACOSX_DEPLOYMENT_TARGET = 10.10;
				MTL_ENABLE_DEBUG_INFO = NO;
				SDKROOT = macosx;
			};
			name = Release;
		};
		C393DCAE1A8721BE00DAC0A2 /* Debug */ = {
			isa = XCBuildConfiguration;
			buildSettings = {
				ALWAYS_SEARCH_USER_PATHS = YES;
				CLANG_X86_VECTOR_INSTRUCTIONS = sse4.2;
				EXCLUDED_RECURSIVE_SEARCH_PATH_SUBDIRECTORIES = "*.nib *.lproj *.gch *.xcode* (*) .DS_Store CVS .svn .git .hg";
				FRAMEWORK_SEARCH_PATHS = (
					"$(inherited)",
					/Users/Cody/QiGameEngine/Qi/ThirdPartyLibs,
				);
				GCC_INLINES_ARE_PRIVATE_EXTERN = NO;
				LD_RUNPATH_SEARCH_PATHS = "";
				LIBRARY_SEARCH_PATHS = (
					"$(inherited)",
					/Users/Cody/QiGameEngine/Qi/build/Debug,
				);
				PRODUCT_NAME = "$(TARGET_NAME)";
			};
			name = Debug;
		};
		C393DCAF1A8721BE00DAC0A2 /* Release */ = {
			isa = XCBuildConfiguration;
			buildSettings = {
				ALWAYS_SEARCH_USER_PATHS = YES;
				CLANG_X86_VECTOR_INSTRUCTIONS = sse4.2;
				EXCLUDED_RECURSIVE_SEARCH_PATH_SUBDIRECTORIES = "*.nib *.lproj *.gch *.xcode* (*) .DS_Store CVS .svn .git .hg";
				FRAMEWORK_SEARCH_PATHS = (
					"$(inherited)",
					/Users/Cody/QiGameEngine/Qi/ThirdPartyLibs,
				);
				GCC_INLINES_ARE_PRIVATE_EXTERN = NO;
				LD_RUNPATH_SEARCH_PATHS = "";
				LIBRARY_SEARCH_PATHS = (
					"$(inherited)",
					/Users/Cody/QiGameEngine/Qi/build/Debug,
				);
				PRODUCT_NAME = "$(TARGET_NAME)";
			};
			name = Release;
		};
/* End XCBuildConfiguration section */

/* Begin XCConfigurationList section */
		C393DCA11A8721BE00DAC0A2 /* Build configuration list for PBXProject "QiTest" */ = {
			isa = XCConfigurationList;
			buildConfigurations = (
				C393DCAB1A8721BE00DAC0A2 /* Debug */,
				C393DCAC1A8721BE00DAC0A2 /* Release */,
			);
			defaultConfigurationIsVisible = 0;
			defaultConfigurationName = Release;
		};
		C393DCAD1A8721BE00DAC0A2 /* Build configuration list for PBXNativeTarget "QiTest" */ = {
			isa = XCConfigurationList;
			buildConfigurations = (
				C393DCAE1A8721BE00DAC0A2 /* Debug */,
				C393DCAF1A8721BE00DAC0A2 /* Release */,
			);
			defaultConfigurationIsVisible = 0;
			defaultConfigurationName = Release;
		};
/* End XCConfigurationList section */
	};
	rootObject = C393DC9E1A8721BE00DAC0A2 /* Project object */;
}
