// !$*UTF8*$!
{
	archiveVersion = 1;
	classes = {
	};
	objectVersion = 46;
	objects = {

/* Begin PBXBuildFile section */
		C358FF151AA3AB5800115E31 /* QiGame.cpp in Sources */ = {isa = PBXBuildFile; fileRef = C3D7ECA91A7CD89000FC46B6 /* QiGame.cpp */; };
		C393DC9C1A81EBEC00DAC0A2 /* EngineConfig.h in Headers */ = {isa = PBXBuildFile; fileRef = C393DC9B1A81EBEC00DAC0A2 /* EngineConfig.h */; };
		C393DCC11A8732C000DAC0A2 /* MemoryAllocator.cpp in Sources */ = {isa = PBXBuildFile; fileRef = C393DCBF1A8732C000DAC0A2 /* MemoryAllocator.cpp */; };
		C393DCC21A8732C000DAC0A2 /* MemoryAllocator.h in Headers */ = {isa = PBXBuildFile; fileRef = C393DCC01A8732C000DAC0A2 /* MemoryAllocator.h */; };
		C393DCC71A8B3A8400DAC0A2 /* Quaternion.h in Headers */ = {isa = PBXBuildFile; fileRef = C393DCC61A8B3A8400DAC0A2 /* Quaternion.h */; };
		C393DCCC1AA38D0200DAC0A2 /* Array.h in Headers */ = {isa = PBXBuildFile; fileRef = C393DCCA1AA38D0200DAC0A2 /* Array.h */; };
		C3D7EC671A61DC8700FC46B6 /* Vec4.h in Headers */ = {isa = PBXBuildFile; fileRef = C3D7EC661A61DC8700FC46B6 /* Vec4.h */; };
		C3D7EC6E1A61F8A000FC46B6 /* Matrix4.h in Headers */ = {isa = PBXBuildFile; fileRef = C3D7EC6D1A61F8A000FC46B6 /* Matrix4.h */; };
		C3D7EC701A61FA9600FC46B6 /* Matrix4.cpp in Sources */ = {isa = PBXBuildFile; fileRef = C3D7EC6F1A61FA9600FC46B6 /* Matrix4.cpp */; };
		C3D7EC721A61FDCD00FC46B6 /* Constants.h in Headers */ = {isa = PBXBuildFile; fileRef = C3D7EC711A61FDCD00FC46B6 /* Constants.h */; };
		C3D7EC761A622EEC00FC46B6 /* Random.cpp in Sources */ = {isa = PBXBuildFile; fileRef = C3D7EC741A622EEC00FC46B6 /* Random.cpp */; };
		C3D7EC771A622EEC00FC46B6 /* Random.h in Headers */ = {isa = PBXBuildFile; fileRef = C3D7EC751A622EEC00FC46B6 /* Random.h */; };
		C3D7EC821A62649100FC46B6 /* Timer.h in Headers */ = {isa = PBXBuildFile; fileRef = C3D7EC811A62649100FC46B6 /* Timer.h */; };
		C3D7EC851A62D3C000FC46B6 /* Logger.cpp in Sources */ = {isa = PBXBuildFile; fileRef = C3D7EC831A62D3C000FC46B6 /* Logger.cpp */; };
		C3D7EC861A62D3C000FC46B6 /* Logger.h in Headers */ = {isa = PBXBuildFile; fileRef = C3D7EC841A62D3C000FC46B6 /* Logger.h */; };
		C3D7EC8A1A6657B000FC46B6 /* tinyxml2.cpp in Sources */ = {isa = PBXBuildFile; fileRef = C3D7EC881A6657B000FC46B6 /* tinyxml2.cpp */; };
		C3D7EC8B1A6657B000FC46B6 /* tinyxml2.h in Headers */ = {isa = PBXBuildFile; fileRef = C3D7EC891A6657B000FC46B6 /* tinyxml2.h */; };
		C3D7EC8F1A74C46D00FC46B6 /* FastDelegate.h in Headers */ = {isa = PBXBuildFile; fileRef = C3D7EC8E1A74C46D00FC46B6 /* FastDelegate.h */; };
		C3D7EC941A7CC90700FC46B6 /* Engine.cpp in Sources */ = {isa = PBXBuildFile; fileRef = C3D7EC921A7CC90700FC46B6 /* Engine.cpp */; };
		C3D7EC951A7CC90700FC46B6 /* Engine.h in Headers */ = {isa = PBXBuildFile; fileRef = C3D7EC931A7CC90700FC46B6 /* Engine.h */; };
		C3D7EC971A7CC93000FC46B6 /* SystemBase.h in Headers */ = {isa = PBXBuildFile; fileRef = C3D7EC961A7CC93000FC46B6 /* SystemBase.h */; };
		C3D7EC991A7CC98B00FC46B6 /* Defines.h in Headers */ = {isa = PBXBuildFile; fileRef = C3D7EC981A7CC98B00FC46B6 /* Defines.h */; };
		C3D7ECA21A7CD18600FC46B6 /* QiGame.h in Headers */ = {isa = PBXBuildFile; fileRef = C3D7ECA01A7CD18600FC46B6 /* QiGame.h */; };
		C3D7ECA51A7CD1E100FC46B6 /* QiGameImpl.h in Headers */ = {isa = PBXBuildFile; fileRef = C3D7ECA31A7CD1E100FC46B6 /* QiGameImpl.h */; };
/* End PBXBuildFile section */

/* Begin PBXFileReference section */
		C358FF101AA3A72A00115E31 /* libQi Game Engine.a */ = {isa = PBXFileReference; explicitFileType = archive.ar; includeInIndex = 0; path = "libQi Game Engine.a"; sourceTree = BUILT_PRODUCTS_DIR; };
		C393DC9B1A81EBEC00DAC0A2 /* EngineConfig.h */ = {isa = PBXFileReference; fileEncoding = 4; lastKnownFileType = sourcecode.c.h; name = EngineConfig.h; path = Source/Engine/EngineConfig.h; sourceTree = "<group>"; };
		C393DCBF1A8732C000DAC0A2 /* MemoryAllocator.cpp */ = {isa = PBXFileReference; fileEncoding = 4; lastKnownFileType = sourcecode.cpp.cpp; name = MemoryAllocator.cpp; path = Source/Core/Memory/MemoryAllocator.cpp; sourceTree = "<group>"; };
		C393DCC01A8732C000DAC0A2 /* MemoryAllocator.h */ = {isa = PBXFileReference; fileEncoding = 4; lastKnownFileType = sourcecode.c.h; name = MemoryAllocator.h; path = Source/Core/Memory/MemoryAllocator.h; sourceTree = "<group>"; };
		C393DCC31A87423C00DAC0A2 /* MemoryAllocator.inl */ = {isa = PBXFileReference; fileEncoding = 4; lastKnownFileType = text; name = MemoryAllocator.inl; path = Source/Core/Memory/MemoryAllocator.inl; sourceTree = "<group>"; };
		C393DCC61A8B3A8400DAC0A2 /* Quaternion.h */ = {isa = PBXFileReference; fileEncoding = 4; lastKnownFileType = sourcecode.c.h; name = Quaternion.h; path = Source/Core/Math/Quaternion.h; sourceTree = "<group>"; };
		C393DCCA1AA38D0200DAC0A2 /* Array.h */ = {isa = PBXFileReference; fileEncoding = 4; lastKnownFileType = sourcecode.c.h; name = Array.h; path = Source/Core/Containers/Array.h; sourceTree = "<group>"; };
		C393DCCF1AA3A3D100DAC0A2 /* Array.inl */ = {isa = PBXFileReference; fileEncoding = 4; lastKnownFileType = text; name = Array.inl; path = Source/Core/Containers/Array.inl; sourceTree = "<group>"; };
		C3D7EC661A61DC8700FC46B6 /* Vec4.h */ = {isa = PBXFileReference; fileEncoding = 4; lastKnownFileType = sourcecode.c.h; name = Vec4.h; path = Source/Core/Math/Vec4.h; sourceTree = "<group>"; };
		C3D7EC6D1A61F8A000FC46B6 /* Matrix4.h */ = {isa = PBXFileReference; fileEncoding = 4; lastKnownFileType = sourcecode.c.h; name = Matrix4.h; path = Source/Core/Math/Matrix4.h; sourceTree = "<group>"; };
		C3D7EC6F1A61FA9600FC46B6 /* Matrix4.cpp */ = {isa = PBXFileReference; fileEncoding = 4; lastKnownFileType = sourcecode.cpp.cpp; name = Matrix4.cpp; path = Source/Core/Math/Matrix4.cpp; sourceTree = "<group>"; };
		C3D7EC711A61FDCD00FC46B6 /* Constants.h */ = {isa = PBXFileReference; fileEncoding = 4; lastKnownFileType = sourcecode.c.h; name = Constants.h; path = Source/Core/Math/Constants.h; sourceTree = "<group>"; };
		C3D7EC741A622EEC00FC46B6 /* Random.cpp */ = {isa = PBXFileReference; fileEncoding = 4; lastKnownFileType = sourcecode.cpp.cpp; name = Random.cpp; path = Source/Core/Utility/Random.cpp; sourceTree = "<group>"; };
		C3D7EC751A622EEC00FC46B6 /* Random.h */ = {isa = PBXFileReference; fileEncoding = 4; lastKnownFileType = sourcecode.c.h; name = Random.h; path = Source/Core/Utility/Random.h; sourceTree = "<group>"; };
		C3D7EC811A62649100FC46B6 /* Timer.h */ = {isa = PBXFileReference; fileEncoding = 4; lastKnownFileType = sourcecode.c.h; name = Timer.h; path = Source/Core/Utility/Timer.h; sourceTree = "<group>"; };
		C3D7EC831A62D3C000FC46B6 /* Logger.cpp */ = {isa = PBXFileReference; fileEncoding = 4; lastKnownFileType = sourcecode.cpp.cpp; name = Logger.cpp; path = Source/Core/Utility/Logger.cpp; sourceTree = "<group>"; };
		C3D7EC841A62D3C000FC46B6 /* Logger.h */ = {isa = PBXFileReference; fileEncoding = 4; lastKnownFileType = sourcecode.c.h; name = Logger.h; path = Source/Core/Utility/Logger.h; sourceTree = "<group>"; };
		C3D7EC881A6657B000FC46B6 /* tinyxml2.cpp */ = {isa = PBXFileReference; fileEncoding = 4; lastKnownFileType = sourcecode.cpp.cpp; name = tinyxml2.cpp; path = Source/ThirdParty/tinyxml2.cpp; sourceTree = "<group>"; };
		C3D7EC891A6657B000FC46B6 /* tinyxml2.h */ = {isa = PBXFileReference; fileEncoding = 4; lastKnownFileType = sourcecode.c.h; name = tinyxml2.h; path = Source/ThirdParty/tinyxml2.h; sourceTree = "<group>"; };
		C3D7EC8E1A74C46D00FC46B6 /* FastDelegate.h */ = {isa = PBXFileReference; fileEncoding = 4; lastKnownFileType = sourcecode.c.h; name = FastDelegate.h; path = Source/ThirdParty/FastDelegate.h; sourceTree = "<group>"; };
		C3D7EC921A7CC90700FC46B6 /* Engine.cpp */ = {isa = PBXFileReference; fileEncoding = 4; lastKnownFileType = sourcecode.cpp.cpp; name = Engine.cpp; path = Source/Engine/Engine.cpp; sourceTree = "<group>"; };
		C3D7EC931A7CC90700FC46B6 /* Engine.h */ = {isa = PBXFileReference; fileEncoding = 4; lastKnownFileType = sourcecode.c.h; name = Engine.h; path = Source/Engine/Engine.h; sourceTree = "<group>"; };
		C3D7EC961A7CC93000FC46B6 /* SystemBase.h */ = {isa = PBXFileReference; fileEncoding = 4; lastKnownFileType = sourcecode.c.h; name = SystemBase.h; path = Source/Engine/Systems/SystemBase.h; sourceTree = "<group>"; };
		C3D7EC981A7CC98B00FC46B6 /* Defines.h */ = {isa = PBXFileReference; fileEncoding = 4; lastKnownFileType = sourcecode.c.h; name = Defines.h; path = Source/Defines.h; sourceTree = "<group>"; };
		C3D7ECA01A7CD18600FC46B6 /* QiGame.h */ = {isa = PBXFileReference; fileEncoding = 4; lastKnownFileType = sourcecode.c.h; name = QiGame.h; path = Source/AppFramework/QiGame.h; sourceTree = "<group>"; };
		C3D7ECA31A7CD1E100FC46B6 /* QiGameImpl.h */ = {isa = PBXFileReference; fileEncoding = 4; lastKnownFileType = sourcecode.c.h; name = QiGameImpl.h; path = Source/AppFramework/QiGameImpl.h; sourceTree = "<group>"; };
		C3D7ECA91A7CD89000FC46B6 /* QiGame.cpp */ = {isa = PBXFileReference; fileEncoding = 4; lastKnownFileType = sourcecode.cpp.cpp; name = QiGame.cpp; path = Source/AppFramework/QiGame.cpp; sourceTree = "<group>"; };
/* End PBXFileReference section */

/* Begin PBXFrameworksBuildPhase section */
		C3D7EC471A61DC2E00FC46B6 /* Frameworks */ = {
			isa = PBXFrameworksBuildPhase;
			buildActionMask = 2147483647;
			files = (
			);
			runOnlyForDeploymentPostprocessing = 0;
		};
/* End PBXFrameworksBuildPhase section */

/* Begin PBXGroup section */
		C393DCBE1A87329300DAC0A2 /* Memory */ = {
			isa = PBXGroup;
			children = (
				C393DCBF1A8732C000DAC0A2 /* MemoryAllocator.cpp */,
				C393DCC01A8732C000DAC0A2 /* MemoryAllocator.h */,
				C393DCC31A87423C00DAC0A2 /* MemoryAllocator.inl */,
			);
			name = Memory;
			sourceTree = "<group>";
		};
		C393DCC81AA38CE900DAC0A2 /* Containers */ = {
			isa = PBXGroup;
			children = (
				C393DCCF1AA3A3D100DAC0A2 /* Array.inl */,
				C393DCCA1AA38D0200DAC0A2 /* Array.h */,
			);
			name = Containers;
			sourceTree = "<group>";
		};
		C3D7EC411A61DC2E00FC46B6 = {
			isa = PBXGroup;
			children = (
				C3D7EC9A1A7CCE6100FC46B6 /* AppFramework */,
				C3D7EC981A7CC98B00FC46B6 /* Defines.h */,
				C3D7EC901A7CC8EA00FC46B6 /* Engine */,
				C3D7EC641A61DC6600FC46B6 /* Core */,
				C3D7EC871A66578C00FC46B6 /* ThirdParty */,
				C358FF101AA3A72A00115E31 /* libQi Game Engine.a */,
			);
			sourceTree = "<group>";
		};
		C3D7EC641A61DC6600FC46B6 /* Core */ = {
			isa = PBXGroup;
			children = (
				C393DCC81AA38CE900DAC0A2 /* Containers */,
				C393DCBE1A87329300DAC0A2 /* Memory */,
				C3D7EC731A622ECA00FC46B6 /* Utility */,
				C3D7EC651A61DC6B00FC46B6 /* Math */,
			);
			name = Core;
			sourceTree = "<group>";
		};
		C3D7EC651A61DC6B00FC46B6 /* Math */ = {
			isa = PBXGroup;
			children = (
				C3D7EC661A61DC8700FC46B6 /* Vec4.h */,
				C3D7EC6D1A61F8A000FC46B6 /* Matrix4.h */,
				C3D7EC6F1A61FA9600FC46B6 /* Matrix4.cpp */,
				C3D7EC711A61FDCD00FC46B6 /* Constants.h */,
				C393DCC61A8B3A8400DAC0A2 /* Quaternion.h */,
			);
			name = Math;
			sourceTree = "<group>";
		};
		C3D7EC731A622ECA00FC46B6 /* Utility */ = {
			isa = PBXGroup;
			children = (
				C3D7EC741A622EEC00FC46B6 /* Random.cpp */,
				C3D7EC751A622EEC00FC46B6 /* Random.h */,
				C3D7EC811A62649100FC46B6 /* Timer.h */,
				C3D7EC831A62D3C000FC46B6 /* Logger.cpp */,
				C3D7EC841A62D3C000FC46B6 /* Logger.h */,
			);
			name = Utility;
			sourceTree = "<group>";
		};
		C3D7EC871A66578C00FC46B6 /* ThirdParty */ = {
			isa = PBXGroup;
			children = (
				C3D7EC8E1A74C46D00FC46B6 /* FastDelegate.h */,
				C3D7EC881A6657B000FC46B6 /* tinyxml2.cpp */,
				C3D7EC891A6657B000FC46B6 /* tinyxml2.h */,
			);
			name = ThirdParty;
			sourceTree = "<group>";
		};
		C3D7EC901A7CC8EA00FC46B6 /* Engine */ = {
			isa = PBXGroup;
			children = (
				C393DC9B1A81EBEC00DAC0A2 /* EngineConfig.h */,
				C3D7EC921A7CC90700FC46B6 /* Engine.cpp */,
				C3D7EC931A7CC90700FC46B6 /* Engine.h */,
				C3D7EC911A7CC8F000FC46B6 /* Systems */,
			);
			name = Engine;
			sourceTree = "<group>";
		};
		C3D7EC911A7CC8F000FC46B6 /* Systems */ = {
			isa = PBXGroup;
			children = (
				C3D7EC961A7CC93000FC46B6 /* SystemBase.h */,
			);
			name = Systems;
			sourceTree = "<group>";
		};
		C3D7EC9A1A7CCE6100FC46B6 /* AppFramework */ = {
			isa = PBXGroup;
			children = (
				C3D7ECA31A7CD1E100FC46B6 /* QiGameImpl.h */,
				C3D7ECA01A7CD18600FC46B6 /* QiGame.h */,
				C3D7ECA91A7CD89000FC46B6 /* QiGame.cpp */,
			);
			name = AppFramework;
			sourceTree = "<group>";
		};
/* End PBXGroup section */

/* Begin PBXHeadersBuildPhase section */
		C3D7EC481A61DC2E00FC46B6 /* Headers */ = {
			isa = PBXHeadersBuildPhase;
			buildActionMask = 2147483647;
			files = (
				C3D7EC951A7CC90700FC46B6 /* Engine.h in Headers */,
				C3D7EC671A61DC8700FC46B6 /* Vec4.h in Headers */,
				C3D7EC991A7CC98B00FC46B6 /* Defines.h in Headers */,
				C3D7EC971A7CC93000FC46B6 /* SystemBase.h in Headers */,
				C3D7EC8F1A74C46D00FC46B6 /* FastDelegate.h in Headers */,
				C3D7EC8B1A6657B000FC46B6 /* tinyxml2.h in Headers */,
				C3D7ECA21A7CD18600FC46B6 /* QiGame.h in Headers */,
				C3D7EC6E1A61F8A000FC46B6 /* Matrix4.h in Headers */,
				C393DCCC1AA38D0200DAC0A2 /* Array.h in Headers */,
				C393DCC71A8B3A8400DAC0A2 /* Quaternion.h in Headers */,
				C3D7EC721A61FDCD00FC46B6 /* Constants.h in Headers */,
				C3D7EC821A62649100FC46B6 /* Timer.h in Headers */,
				C3D7ECA51A7CD1E100FC46B6 /* QiGameImpl.h in Headers */,
				C3D7EC861A62D3C000FC46B6 /* Logger.h in Headers */,
				C393DC9C1A81EBEC00DAC0A2 /* EngineConfig.h in Headers */,
				C3D7EC771A622EEC00FC46B6 /* Random.h in Headers */,
				C393DCC21A8732C000DAC0A2 /* MemoryAllocator.h in Headers */,
			);
			runOnlyForDeploymentPostprocessing = 0;
		};
/* End PBXHeadersBuildPhase section */

/* Begin PBXNativeTarget section */
		C3D7EC491A61DC2E00FC46B6 /* Qi Game Engine */ = {
			isa = PBXNativeTarget;
			buildConfigurationList = C3D7EC551A61DC2E00FC46B6 /* Build configuration list for PBXNativeTarget "Qi Game Engine" */;
			buildPhases = (
				C3D7EC461A61DC2E00FC46B6 /* Sources */,
				C3D7EC471A61DC2E00FC46B6 /* Frameworks */,
				C3D7EC481A61DC2E00FC46B6 /* Headers */,
			);
			buildRules = (
			);
			dependencies = (
			);
			name = "Qi Game Engine";
			productName = "Qi Game Engine";
			productReference = C358FF101AA3A72A00115E31 /* libQi Game Engine.a */;
			productType = "com.apple.product-type.library.static";
		};
/* End PBXNativeTarget section */

/* Begin PBXProject section */
		C3D7EC421A61DC2E00FC46B6 /* Project object */ = {
			isa = PBXProject;
			attributes = {
				LastUpgradeCheck = 0610;
				ORGANIZATIONNAME = "Cody White";
				TargetAttributes = {
					C3D7EC491A61DC2E00FC46B6 = {
						CreatedOnToolsVersion = 6.1.1;
					};
				};
			};
			buildConfigurationList = C3D7EC451A61DC2E00FC46B6 /* Build configuration list for PBXProject "Qi Game Engine" */;
			compatibilityVersion = "Xcode 3.2";
			developmentRegion = English;
			hasScannedForEncodings = 0;
			knownRegions = (
				en,
			);
			mainGroup = C3D7EC411A61DC2E00FC46B6;
			productRefGroup = C3D7EC411A61DC2E00FC46B6;
			projectDirPath = "";
			projectRoot = "";
			targets = (
				C3D7EC491A61DC2E00FC46B6 /* Qi Game Engine */,
			);
		};
/* End PBXProject section */

/* Begin PBXSourcesBuildPhase section */
		C3D7EC461A61DC2E00FC46B6 /* Sources */ = {
			isa = PBXSourcesBuildPhase;
			buildActionMask = 2147483647;
			files = (
				C358FF151AA3AB5800115E31 /* QiGame.cpp in Sources */,
				C3D7EC761A622EEC00FC46B6 /* Random.cpp in Sources */,
				C393DCC11A8732C000DAC0A2 /* MemoryAllocator.cpp in Sources */,
				C3D7EC941A7CC90700FC46B6 /* Engine.cpp in Sources */,
				C3D7EC701A61FA9600FC46B6 /* Matrix4.cpp in Sources */,
				C3D7EC851A62D3C000FC46B6 /* Logger.cpp in Sources */,
				C3D7EC8A1A6657B000FC46B6 /* tinyxml2.cpp in Sources */,
			);
			runOnlyForDeploymentPostprocessing = 0;
		};
/* End PBXSourcesBuildPhase section */

/* Begin XCBuildConfiguration section */
		C3D7EC531A61DC2E00FC46B6 /* Debug */ = {
			isa = XCBuildConfiguration;
			buildSettings = {
				ALWAYS_SEARCH_USER_PATHS = NO;
				CLANG_CXX_LANGUAGE_STANDARD = "gnu++0x";
				CLANG_CXX_LIBRARY = "libc++";
				CLANG_ENABLE_MODULES = YES;
				CLANG_ENABLE_OBJC_ARC = YES;
				CLANG_WARN_BOOL_CONVERSION = YES;
				CLANG_WARN_CONSTANT_CONVERSION = YES;
				CLANG_WARN_DIRECT_OBJC_ISA_USAGE = YES_ERROR;
				CLANG_WARN_EMPTY_BODY = YES;
				CLANG_WARN_ENUM_CONVERSION = YES;
				CLANG_WARN_INT_CONVERSION = YES;
				CLANG_WARN_OBJC_ROOT_CLASS = YES_ERROR;
				CLANG_WARN_UNREACHABLE_CODE = YES;
				CLANG_WARN__DUPLICATE_METHOD_MATCH = YES;
				COPY_PHASE_STRIP = NO;
				ENABLE_STRICT_OBJC_MSGSEND = YES;
				GCC_C_LANGUAGE_STANDARD = gnu99;
				GCC_DYNAMIC_NO_PIC = NO;
				GCC_OPTIMIZATION_LEVEL = 0;
				GCC_PREPROCESSOR_DEFINITIONS = (
					"DEBUG=1",
					"$(inherited)",
				);
				GCC_SYMBOLS_PRIVATE_EXTERN = NO;
				GCC_WARN_64_TO_32_BIT_CONVERSION = YES;
				GCC_WARN_ABOUT_RETURN_TYPE = YES_ERROR;
				GCC_WARN_UNDECLARED_SELECTOR = YES;
				GCC_WARN_UNINITIALIZED_AUTOS = YES_AGGRESSIVE;
				GCC_WARN_UNUSED_FUNCTION = YES;
				GCC_WARN_UNUSED_VARIABLE = YES;
				MACOSX_DEPLOYMENT_TARGET = 10.10;
				MTL_ENABLE_DEBUG_INFO = YES;
				ONLY_ACTIVE_ARCH = YES;
				SDKROOT = macosx;
			};
			name = Debug;
		};
		C3D7EC541A61DC2E00FC46B6 /* Release */ = {
			isa = XCBuildConfiguration;
			buildSettings = {
				ALWAYS_SEARCH_USER_PATHS = NO;
				CLANG_CXX_LANGUAGE_STANDARD = "gnu++0x";
				CLANG_CXX_LIBRARY = "libc++";
				CLANG_ENABLE_MODULES = YES;
				CLANG_ENABLE_OBJC_ARC = YES;
				CLANG_WARN_BOOL_CONVERSION = YES;
				CLANG_WARN_CONSTANT_CONVERSION = YES;
				CLANG_WARN_DIRECT_OBJC_ISA_USAGE = YES_ERROR;
				CLANG_WARN_EMPTY_BODY = YES;
				CLANG_WARN_ENUM_CONVERSION = YES;
				CLANG_WARN_INT_CONVERSION = YES;
				CLANG_WARN_OBJC_ROOT_CLASS = YES_ERROR;
				CLANG_WARN_UNREACHABLE_CODE = YES;
				CLANG_WARN__DUPLICATE_METHOD_MATCH = YES;
				COPY_PHASE_STRIP = YES;
				DEBUG_INFORMATION_FORMAT = "dwarf-with-dsym";
				ENABLE_NS_ASSERTIONS = NO;
				ENABLE_STRICT_OBJC_MSGSEND = YES;
				GCC_C_LANGUAGE_STANDARD = gnu99;
				GCC_WARN_64_TO_32_BIT_CONVERSION = YES;
				GCC_WARN_ABOUT_RETURN_TYPE = YES_ERROR;
				GCC_WARN_UNDECLARED_SELECTOR = YES;
				GCC_WARN_UNINITIALIZED_AUTOS = YES_AGGRESSIVE;
				GCC_WARN_UNUSED_FUNCTION = YES;
				GCC_WARN_UNUSED_VARIABLE = YES;
				MACOSX_DEPLOYMENT_TARGET = 10.10;
				MTL_ENABLE_DEBUG_INFO = NO;
				SDKROOT = macosx;
			};
			name = Release;
		};
		C3D7EC561A61DC2E00FC46B6 /* Debug */ = {
			isa = XCBuildConfiguration;
			buildSettings = {
				CLANG_X86_VECTOR_INSTRUCTIONS = sse4.2;
				EXECUTABLE_PREFIX = lib;
				GCC_ENABLE_CPP_EXCEPTIONS = YES;
				GCC_ENABLE_CPP_RTTI = YES;
				GCC_SYMBOLS_PRIVATE_EXTERN = NO;
				INSTALL_PATH = build/Debug;
				PRODUCT_NAME = "$(TARGET_NAME)";
			};
			name = Debug;
		};
		C3D7EC571A61DC2E00FC46B6 /* Release */ = {
			isa = XCBuildConfiguration;
			buildSettings = {
				CLANG_X86_VECTOR_INSTRUCTIONS = sse4.2;
				EXECUTABLE_PREFIX = lib;
				GCC_ENABLE_CPP_EXCEPTIONS = YES;
				GCC_ENABLE_CPP_RTTI = YES;
				GCC_SYMBOLS_PRIVATE_EXTERN = NO;
				INSTALL_PATH = build/Release;
				PRODUCT_NAME = "$(TARGET_NAME)";
			};
			name = Release;
		};
/* End XCBuildConfiguration section */

/* Begin XCConfigurationList section */
		C3D7EC451A61DC2E00FC46B6 /* Build configuration list for PBXProject "Qi Game Engine" */ = {
			isa = XCConfigurationList;
			buildConfigurations = (
				C3D7EC531A61DC2E00FC46B6 /* Debug */,
				C3D7EC541A61DC2E00FC46B6 /* Release */,
			);
			defaultConfigurationIsVisible = 0;
			defaultConfigurationName = Release;
		};
		C3D7EC551A61DC2E00FC46B6 /* Build configuration list for PBXNativeTarget "Qi Game Engine" */ = {
			isa = XCConfigurationList;
			buildConfigurations = (
				C3D7EC561A61DC2E00FC46B6 /* Debug */,
				C3D7EC571A61DC2E00FC46B6 /* Release */,
			);
			defaultConfigurationIsVisible = 0;
			defaultConfigurationName = Release;
		};
/* End XCConfigurationList section */
	};
	rootObject = C3D7EC421A61DC2E00FC46B6 /* Project object */;
}
